
Microsoft Visual Studio Solution File, Format Version 12.00
# Visual Studio Version 17
VisualStudioVersion = 17.14.36429.23
MinimumVisualStudioVersion = 10.0.40219.1
Project("{FAE04EC0-301F-11D3-BF4B-00C04F79EFBC}") = "LAB03-02", "LAB03-2\LAB03-02.csproj", "{7AF4C7D5-2461-431E-A6A9-DBB6364D7BF1}"
EndProject
Global
	GlobalSection(SolutionConfigurationPlatforms) = preSolution
		Debug|Any CPU = Debug|Any CPU
		Release|Any CPU = Release|Any CPU
	EndGlobalSection
	GlobalSection(ProjectConfigurationPlatforms) = postSolution
		{7AF4C7D5-2461-431E-A6A9-DBB6364D7BF1}.Debug|Any CPU.ActiveCfg = Debug|Any CPU
		{7AF4C7D5-2461-431E-A6A9-DBB6364D7BF1}.Debug|Any CPU.Build.0 = Debug|Any CPU
		{7AF4C7D5-2461-431E-A6A9-DBB6364D7BF1}.Release|Any CPU.ActiveCfg = Release|Any CPU
		{7AF4C7D5-2461-431E-A6A9-DBB6364D7BF1}.Release|Any CPU.Build.0 = Release|Any CPU
	EndGlobalSection
	GlobalSection(SolutionProperties) = preSolution
		HideSolutionNode = FALSE
	EndGlobalSection
	GlobalSection(ExtensibilityGlobals) = postSolution
		SolutionGuid = {1A27C7A6-581A-4DFC-BC44-5C4811A4E4E2}
	EndGlobalSection
EndGlobal
